
Microsoft Visual Studio Solution File, Format Version 12.00
# Visual Studio Version 16
VisualStudioVersion = 16.0.31424.327
MinimumVisualStudioVersion = 10.0.40219.1
Project("{FAE04EC0-301F-11D3-BF4B-00C04F79EFBC}") = "UserMaintenance", "UserMaintenance\UserMaintenance.csproj", "{92D968A1-6D37-4280-BC55-93271625E37F}"
EndProject
Global
	GlobalSection(SolutionConfigurationPlatforms) = preSolution
		Debug|Any CPU = Debug|Any CPU
		Release|Any CPU = Release|Any CPU
	EndGlobalSection
	GlobalSection(ProjectConfigurationPlatforms) = postSolution
		{92D968A1-6D37-4280-BC55-93271625E37F}.Debug|Any CPU.ActiveCfg = Debug|Any CPU
		{92D968A1-6D37-4280-BC55-93271625E37F}.Debug|Any CPU.Build.0 = Debug|Any CPU
		{92D968A1-6D37-4280-BC55-93271625E37F}.Release|Any CPU.ActiveCfg = Release|Any CPU
		{92D968A1-6D37-4280-BC55-93271625E37F}.Release|Any CPU.Build.0 = Release|Any CPU
	EndGlobalSection
	GlobalSection(SolutionProperties) = preSolution
		HideSolutionNode = FALSE
	EndGlobalSection
	GlobalSection(ExtensibilityGlobals) = postSolution
		SolutionGuid = {AB161BA2-BEEB-4FA2-B313-547A0F6F828E}
	EndGlobalSection
EndGlobal
