
Microsoft Visual Studio Solution File, Format Version 12.00
# Visual Studio Version 16
VisualStudioVersion = 16.0.31424.327
MinimumVisualStudioVersion = 10.0.40219.1
Project("{FAE04EC0-301F-11D3-BF4B-00C04F79EFBC}") = "Week09", "Week09\Week09.csproj", "{4956D40F-D8B9-4447-8073-B5AFEF49FAE6}"
EndProject
Global
	GlobalSection(SolutionConfigurationPlatforms) = preSolution
		Debug|Any CPU = Debug|Any CPU
		Release|Any CPU = Release|Any CPU
	EndGlobalSection
	GlobalSection(ProjectConfigurationPlatforms) = postSolution
		{4956D40F-D8B9-4447-8073-B5AFEF49FAE6}.Debug|Any CPU.ActiveCfg = Debug|Any CPU
		{4956D40F-D8B9-4447-8073-B5AFEF49FAE6}.Debug|Any CPU.Build.0 = Debug|Any CPU
		{4956D40F-D8B9-4447-8073-B5AFEF49FAE6}.Release|Any CPU.ActiveCfg = Release|Any CPU
		{4956D40F-D8B9-4447-8073-B5AFEF49FAE6}.Release|Any CPU.Build.0 = Release|Any CPU
	EndGlobalSection
	GlobalSection(SolutionProperties) = preSolution
		HideSolutionNode = FALSE
	EndGlobalSection
	GlobalSection(ExtensibilityGlobals) = postSolution
		SolutionGuid = {C761A1F0-9B9A-44E8-9407-BCFF9568A552}
	EndGlobalSection
EndGlobal
